
Microsoft Visual Studio Solution File, Format Version 12.00
# Visual Studio 15
VisualStudioVersion = 15.0.28010.2003
MinimumVisualStudioVersion = 10.0.40219.1
Project("{FAE04EC0-301F-11D3-BF4B-00C04F79EFBC}") = "WindowsFormsApp5", "WindowsFormsApp5\WindowsFormsApp5.csproj", "{C5E8EA40-52F4-40C8-BC13-55DC9A105C13}"
EndProject
Global
	GlobalSection(SolutionConfigurationPlatforms) = preSolution
		Debug|Any CPU = Debug|Any CPU
		Release|Any CPU = Release|Any CPU
	EndGlobalSection
	GlobalSection(ProjectConfigurationPlatforms) = postSolution
		{C5E8EA40-52F4-40C8-BC13-55DC9A105C13}.Debug|Any CPU.ActiveCfg = Debug|Any CPU
		{C5E8EA40-52F4-40C8-BC13-55DC9A105C13}.Debug|Any CPU.Build.0 = Debug|Any CPU
		{C5E8EA40-52F4-40C8-BC13-55DC9A105C13}.Release|Any CPU.ActiveCfg = Release|Any CPU
		{C5E8EA40-52F4-40C8-BC13-55DC9A105C13}.Release|Any CPU.Build.0 = Release|Any CPU
	EndGlobalSection
	GlobalSection(SolutionProperties) = preSolution
		HideSolutionNode = FALSE
	EndGlobalSection
	GlobalSection(ExtensibilityGlobals) = postSolution
		SolutionGuid = {F00C364D-91B2-46FC-B8E0-F7DD91848C17}
	EndGlobalSection
EndGlobal
