
Microsoft Visual Studio Solution File, Format Version 12.00
# Visual Studio 15
VisualStudioVersion = 15.0.28307.852
MinimumVisualStudioVersion = 10.0.40219.1
Project("{FAE04EC0-301F-11D3-BF4B-00C04F79EFBC}") = "WebApplication1", "WebApplication1\WebApplication1.csproj", "{6046891F-907B-42EB-AC0E-F91F384F393A}"
EndProject
Global
	GlobalSection(SolutionConfigurationPlatforms) = preSolution
		Debug|Any CPU = Debug|Any CPU
		Release|Any CPU = Release|Any CPU
	EndGlobalSection
	GlobalSection(ProjectConfigurationPlatforms) = postSolution
		{6046891F-907B-42EB-AC0E-F91F384F393A}.Debug|Any CPU.ActiveCfg = Debug|Any CPU
		{6046891F-907B-42EB-AC0E-F91F384F393A}.Debug|Any CPU.Build.0 = Debug|Any CPU
		{6046891F-907B-42EB-AC0E-F91F384F393A}.Release|Any CPU.ActiveCfg = Release|Any CPU
		{6046891F-907B-42EB-AC0E-F91F384F393A}.Release|Any CPU.Build.0 = Release|Any CPU
	EndGlobalSection
	GlobalSection(SolutionProperties) = preSolution
		HideSolutionNode = FALSE
	EndGlobalSection
	GlobalSection(ExtensibilityGlobals) = postSolution
		SolutionGuid = {41D0C55F-984E-499B-903B-9245D3252BE6}
	EndGlobalSection
EndGlobal
