
Microsoft Visual Studio Solution File, Format Version 12.00
# Visual Studio 15
VisualStudioVersion = 15.0.28307.168
MinimumVisualStudioVersion = 10.0.40219.1
Project("{FAE04EC0-301F-11D3-BF4B-00C04F79EFBC}") = "ClientProject", "ClientProject\ClientProject.csproj", "{A1DD274C-34BA-4CC3-876F-7D17D5792D8C}"
EndProject
Global
	GlobalSection(SolutionConfigurationPlatforms) = preSolution
		Debug|Any CPU = Debug|Any CPU
		Release|Any CPU = Release|Any CPU
	EndGlobalSection
	GlobalSection(ProjectConfigurationPlatforms) = postSolution
		{A1DD274C-34BA-4CC3-876F-7D17D5792D8C}.Debug|Any CPU.ActiveCfg = Debug|Any CPU
		{A1DD274C-34BA-4CC3-876F-7D17D5792D8C}.Debug|Any CPU.Build.0 = Debug|Any CPU
		{A1DD274C-34BA-4CC3-876F-7D17D5792D8C}.Release|Any CPU.ActiveCfg = Release|Any CPU
		{A1DD274C-34BA-4CC3-876F-7D17D5792D8C}.Release|Any CPU.Build.0 = Release|Any CPU
	EndGlobalSection
	GlobalSection(SolutionProperties) = preSolution
		HideSolutionNode = FALSE
	EndGlobalSection
	GlobalSection(ExtensibilityGlobals) = postSolution
		SolutionGuid = {AB36588A-1855-4D20-ACE6-D608D2AD2957}
	EndGlobalSection
EndGlobal
