
Microsoft Visual Studio Solution File, Format Version 12.00
# Visual Studio 15
VisualStudioVersion = 15.0.28307.852
MinimumVisualStudioVersion = 10.0.40219.1
Project("{FAE04EC0-301F-11D3-BF4B-00C04F79EFBC}") = "WebApplication2", "WebApplication2\WebApplication2.csproj", "{7768F419-C5E7-488A-BB20-BA53A3E2FC7D}"
EndProject
Global
	GlobalSection(SolutionConfigurationPlatforms) = preSolution
		Debug|Any CPU = Debug|Any CPU
		Release|Any CPU = Release|Any CPU
	EndGlobalSection
	GlobalSection(ProjectConfigurationPlatforms) = postSolution
		{7768F419-C5E7-488A-BB20-BA53A3E2FC7D}.Debug|Any CPU.ActiveCfg = Debug|Any CPU
		{7768F419-C5E7-488A-BB20-BA53A3E2FC7D}.Debug|Any CPU.Build.0 = Debug|Any CPU
		{7768F419-C5E7-488A-BB20-BA53A3E2FC7D}.Release|Any CPU.ActiveCfg = Release|Any CPU
		{7768F419-C5E7-488A-BB20-BA53A3E2FC7D}.Release|Any CPU.Build.0 = Release|Any CPU
	EndGlobalSection
	GlobalSection(SolutionProperties) = preSolution
		HideSolutionNode = FALSE
	EndGlobalSection
	GlobalSection(ExtensibilityGlobals) = postSolution
		SolutionGuid = {896F2671-D4A5-471B-B828-13FEC5634E7D}
	EndGlobalSection
EndGlobal
